
Microsoft Visual Studio Solution File, Format Version 12.00
# Visual Studio Version 17
VisualStudioVersion = 17.7.34202.233
MinimumVisualStudioVersion = 10.0.40219.1
Project("{FAE04EC0-301F-11D3-BF4B-00C04F79EFBC}") = "Aula05Linq", "Aula05Linq\Aula05Linq.csproj", "{FE5309F5-8ADD-4D63-B4E7-5E02E4683B69}"
EndProject
Global
	GlobalSection(SolutionConfigurationPlatforms) = preSolution
		Debug|Any CPU = Debug|Any CPU
		Release|Any CPU = Release|Any CPU
	EndGlobalSection
	GlobalSection(ProjectConfigurationPlatforms) = postSolution
		{FE5309F5-8ADD-4D63-B4E7-5E02E4683B69}.Debug|Any CPU.ActiveCfg = Debug|Any CPU
		{FE5309F5-8ADD-4D63-B4E7-5E02E4683B69}.Debug|Any CPU.Build.0 = Debug|Any CPU
		{FE5309F5-8ADD-4D63-B4E7-5E02E4683B69}.Release|Any CPU.ActiveCfg = Release|Any CPU
		{FE5309F5-8ADD-4D63-B4E7-5E02E4683B69}.Release|Any CPU.Build.0 = Release|Any CPU
	EndGlobalSection
	GlobalSection(SolutionProperties) = preSolution
		HideSolutionNode = FALSE
	EndGlobalSection
	GlobalSection(ExtensibilityGlobals) = postSolution
		SolutionGuid = {6B7C5D51-6C7C-4B13-A4DE-82107DA3A90D}
	EndGlobalSection
EndGlobal
