
Microsoft Visual Studio Solution File, Format Version 12.00
# Visual Studio Version 17
VisualStudioVersion = 17.7.34202.233
MinimumVisualStudioVersion = 10.0.40219.1
Project("{FAE04EC0-301F-11D3-BF4B-00C04F79EFBC}") = "Aula07Ex01", "Aula07Ex01\Aula07Ex01.csproj", "{D1123908-B13A-40B6-B8C2-1FAB6523EFA0}"
EndProject
Global
	GlobalSection(SolutionConfigurationPlatforms) = preSolution
		Debug|Any CPU = Debug|Any CPU
		Release|Any CPU = Release|Any CPU
	EndGlobalSection
	GlobalSection(ProjectConfigurationPlatforms) = postSolution
		{D1123908-B13A-40B6-B8C2-1FAB6523EFA0}.Debug|Any CPU.ActiveCfg = Debug|Any CPU
		{D1123908-B13A-40B6-B8C2-1FAB6523EFA0}.Debug|Any CPU.Build.0 = Debug|Any CPU
		{D1123908-B13A-40B6-B8C2-1FAB6523EFA0}.Release|Any CPU.ActiveCfg = Release|Any CPU
		{D1123908-B13A-40B6-B8C2-1FAB6523EFA0}.Release|Any CPU.Build.0 = Release|Any CPU
	EndGlobalSection
	GlobalSection(SolutionProperties) = preSolution
		HideSolutionNode = FALSE
	EndGlobalSection
	GlobalSection(ExtensibilityGlobals) = postSolution
		SolutionGuid = {379E22A9-DCF0-4CD0-BA86-D47C18CF6157}
	EndGlobalSection
EndGlobal
