
Microsoft Visual Studio Solution File, Format Version 12.00
# Visual Studio Version 17
VisualStudioVersion = 17.7.34202.233
MinimumVisualStudioVersion = 10.0.40219.1
Project("{FAE04EC0-301F-11D3-BF4B-00C04F79EFBC}") = "Aula06Linq", "Aula06Linq\Aula06Linq.csproj", "{EF342FD7-06F5-4A59-8FAE-FADF4D683427}"
EndProject
Global
	GlobalSection(SolutionConfigurationPlatforms) = preSolution
		Debug|Any CPU = Debug|Any CPU
		Release|Any CPU = Release|Any CPU
	EndGlobalSection
	GlobalSection(ProjectConfigurationPlatforms) = postSolution
		{EF342FD7-06F5-4A59-8FAE-FADF4D683427}.Debug|Any CPU.ActiveCfg = Debug|Any CPU
		{EF342FD7-06F5-4A59-8FAE-FADF4D683427}.Debug|Any CPU.Build.0 = Debug|Any CPU
		{EF342FD7-06F5-4A59-8FAE-FADF4D683427}.Release|Any CPU.ActiveCfg = Release|Any CPU
		{EF342FD7-06F5-4A59-8FAE-FADF4D683427}.Release|Any CPU.Build.0 = Release|Any CPU
	EndGlobalSection
	GlobalSection(SolutionProperties) = preSolution
		HideSolutionNode = FALSE
	EndGlobalSection
	GlobalSection(ExtensibilityGlobals) = postSolution
		SolutionGuid = {AFE12E3A-FB5A-40E9-B36A-8003D938229D}
	EndGlobalSection
EndGlobal
